
Microsoft Visual Studio Solution File, Format Version 12.00
# Visual Studio 15
VisualStudioVersion = 15.0.26124.0
MinimumVisualStudioVersion = 15.0.26124.0
Project("{2150E333-8FDC-42A3-9474-1A3956D46DE8}") = "src", "src", "{D1B47D6E-9F53-406E-9546-683EBB063613}"
EndProject
Project("{FAE04EC0-301F-11D3-BF4B-00C04F79EFBC}") = "GradeBook", "src\GradeBook\GradeBook.csproj", "{5F7279D6-669A-48B6-80DE-06A1162A01ED}"
EndProject
Project("{2150E333-8FDC-42A3-9474-1A3956D46DE8}") = "test", "test", "{1EBBB6F6-8B4E-4831-B441-BAB2D9FF2D03}"
EndProject
Project("{FAE04EC0-301F-11D3-BF4B-00C04F79EFBC}") = "GradeBook.Tests", "test\GradeBook.Tests\GradeBook.Tests.csproj", "{53F66C27-56C3-4C02-982F-C245B401E7D8}"
EndProject
Global
	GlobalSection(SolutionConfigurationPlatforms) = preSolution
		Debug|Any CPU = Debug|Any CPU
		Debug|x64 = Debug|x64
		Debug|x86 = Debug|x86
		Release|Any CPU = Release|Any CPU
		Release|x64 = Release|x64
		Release|x86 = Release|x86
	EndGlobalSection
	GlobalSection(SolutionProperties) = preSolution
		HideSolutionNode = FALSE
	EndGlobalSection
	GlobalSection(ProjectConfigurationPlatforms) = postSolution
		{5F7279D6-669A-48B6-80DE-06A1162A01ED}.Debug|Any CPU.ActiveCfg = Debug|Any CPU
		{5F7279D6-669A-48B6-80DE-06A1162A01ED}.Debug|Any CPU.Build.0 = Debug|Any CPU
		{5F7279D6-669A-48B6-80DE-06A1162A01ED}.Debug|x64.ActiveCfg = Debug|Any CPU
		{5F7279D6-669A-48B6-80DE-06A1162A01ED}.Debug|x64.Build.0 = Debug|Any CPU
		{5F7279D6-669A-48B6-80DE-06A1162A01ED}.Debug|x86.ActiveCfg = Debug|Any CPU
		{5F7279D6-669A-48B6-80DE-06A1162A01ED}.Debug|x86.Build.0 = Debug|Any CPU
		{5F7279D6-669A-48B6-80DE-06A1162A01ED}.Release|Any CPU.ActiveCfg = Release|Any CPU
		{5F7279D6-669A-48B6-80DE-06A1162A01ED}.Release|Any CPU.Build.0 = Release|Any CPU
		{5F7279D6-669A-48B6-80DE-06A1162A01ED}.Release|x64.ActiveCfg = Release|Any CPU
		{5F7279D6-669A-48B6-80DE-06A1162A01ED}.Release|x64.Build.0 = Release|Any CPU
		{5F7279D6-669A-48B6-80DE-06A1162A01ED}.Release|x86.ActiveCfg = Release|Any CPU
		{5F7279D6-669A-48B6-80DE-06A1162A01ED}.Release|x86.Build.0 = Release|Any CPU
		{53F66C27-56C3-4C02-982F-C245B401E7D8}.Debug|Any CPU.ActiveCfg = Debug|Any CPU
		{53F66C27-56C3-4C02-982F-C245B401E7D8}.Debug|Any CPU.Build.0 = Debug|Any CPU
		{53F66C27-56C3-4C02-982F-C245B401E7D8}.Debug|x64.ActiveCfg = Debug|Any CPU
		{53F66C27-56C3-4C02-982F-C245B401E7D8}.Debug|x64.Build.0 = Debug|Any CPU
		{53F66C27-56C3-4C02-982F-C245B401E7D8}.Debug|x86.ActiveCfg = Debug|Any CPU
		{53F66C27-56C3-4C02-982F-C245B401E7D8}.Debug|x86.Build.0 = Debug|Any CPU
		{53F66C27-56C3-4C02-982F-C245B401E7D8}.Release|Any CPU.ActiveCfg = Release|Any CPU
		{53F66C27-56C3-4C02-982F-C245B401E7D8}.Release|Any CPU.Build.0 = Release|Any CPU
		{53F66C27-56C3-4C02-982F-C245B401E7D8}.Release|x64.ActiveCfg = Release|Any CPU
		{53F66C27-56C3-4C02-982F-C245B401E7D8}.Release|x64.Build.0 = Release|Any CPU
		{53F66C27-56C3-4C02-982F-C245B401E7D8}.Release|x86.ActiveCfg = Release|Any CPU
		{53F66C27-56C3-4C02-982F-C245B401E7D8}.Release|x86.Build.0 = Release|Any CPU
	EndGlobalSection
	GlobalSection(NestedProjects) = preSolution
		{5F7279D6-669A-48B6-80DE-06A1162A01ED} = {D1B47D6E-9F53-406E-9546-683EBB063613}
		{53F66C27-56C3-4C02-982F-C245B401E7D8} = {1EBBB6F6-8B4E-4831-B441-BAB2D9FF2D03}
	EndGlobalSection
EndGlobal
